// !$*UTF8*$!
{
	archiveVersion = 1;
	classes = {
	};
	objectVersion = 46;
	objects = {

/* Begin PBXBuildFile section */
		93C61DAC1BB31E8E007DE7DF /* main.m in Sources */ = {isa = PBXBuildFile; fileRef = 93C61DAB1BB31E8E007DE7DF /* main.m */; };
		93C61DAF1BB31E8E007DE7DF /* AppDelegate.m in Sources */ = {isa = PBXBuildFile; fileRef = 93C61DAE1BB31E8E007DE7DF /* AppDelegate.m */; };
		93C61DB21BB31E8E007DE7DF /* ViewController.m in Sources */ = {isa = PBXBuildFile; fileRef = 93C61DB11BB31E8E007DE7DF /* ViewController.m */; };
		93C61DB51BB31E8E007DE7DF /* Main.storyboard in Resources */ = {isa = PBXBuildFile; fileRef = 93C61DB31BB31E8E007DE7DF /* Main.storyboard */; };
		93C61DB71BB31E8E007DE7DF /* Images.xcassets in Resources */ = {isa = PBXBuildFile; fileRef = 93C61DB61BB31E8E007DE7DF /* Images.xcassets */; };
		93C61DBA1BB31E8E007DE7DF /* LaunchScreen.xib in Resources */ = {isa = PBXBuildFile; fileRef = 93C61DB81BB31E8E007DE7DF /* LaunchScreen.xib */; };
		93C61DC61BB31E8E007DE7DF /* WordListTests.m in Sources */ = {isa = PBXBuildFile; fileRef = 93C61DC51BB31E8E007DE7DF /* WordListTests.m */; };
		93C61DD11BB31ED6007DE7DF /* WordList.xcdatamodeld in Sources */ = {isa = PBXBuildFile; fileRef = 93C61DCF1BB31ED6007DE7DF /* WordList.xcdatamodeld */; };
		93C61DD41BB31EEF007DE7DF /* Persistence.m in Sources */ = {isa = PBXBuildFile; fileRef = 93C61DD31BB31EEF007DE7DF /* Persistence.m */; };
/* End PBXBuildFile section */

/* Begin PBXContainerItemProxy section */
		93C61DC01BB31E8E007DE7DF /* PBXContainerItemProxy */ = {
			isa = PBXContainerItemProxy;
			containerPortal = 93C61D9E1BB31E8E007DE7DF /* Project object */;
			proxyType = 1;
			remoteGlobalIDString = 93C61DA51BB31E8E007DE7DF;
			remoteInfo = WordList;
		};
/* End PBXContainerItemProxy section */

/* Begin PBXFileReference section */
		93C61DA61BB31E8E007DE7DF /* WordList.app */ = {isa = PBXFileReference; explicitFileType = wrapper.application; includeInIndex = 0; path = WordList.app; sourceTree = BUILT_PRODUCTS_DIR; };
		93C61DAA1BB31E8E007DE7DF /* Info.plist */ = {isa = PBXFileReference; lastKnownFileType = text.plist.xml; path = Info.plist; sourceTree = "<group>"; };
		93C61DAB1BB31E8E007DE7DF /* main.m */ = {isa = PBXFileReference; lastKnownFileType = sourcecode.c.objc; path = main.m; sourceTree = "<group>"; };
		93C61DAD1BB31E8E007DE7DF /* AppDelegate.h */ = {isa = PBXFileReference; lastKnownFileType = sourcecode.c.h; path = AppDelegate.h; sourceTree = "<group>"; };
		93C61DAE1BB31E8E007DE7DF /* AppDelegate.m */ = {isa = PBXFileReference; lastKnownFileType = sourcecode.c.objc; path = AppDelegate.m; sourceTree = "<group>"; };
		93C61DB01BB31E8E007DE7DF /* ViewController.h */ = {isa = PBXFileReference; lastKnownFileType = sourcecode.c.h; path = ViewController.h; sourceTree = "<group>"; };
		93C61DB11BB31E8E007DE7DF /* ViewController.m */ = {isa = PBXFileReference; lastKnownFileType = sourcecode.c.objc; path = ViewController.m; sourceTree = "<group>"; };
		93C61DB41BB31E8E007DE7DF /* Base */ = {isa = PBXFileReference; lastKnownFileType = file.storyboard; name = Base; path = Base.lproj/Main.storyboard; sourceTree = "<group>"; };
		93C61DB61BB31E8E007DE7DF /* Images.xcassets */ = {isa = PBXFileReference; lastKnownFileType = folder.assetcatalog; path = Images.xcassets; sourceTree = "<group>"; };
		93C61DB91BB31E8E007DE7DF /* Base */ = {isa = PBXFileReference; lastKnownFileType = file.xib; name = Base; path = Base.lproj/LaunchScreen.xib; sourceTree = "<group>"; };
		93C61DBF1BB31E8E007DE7DF /* WordListTests.xctest */ = {isa = PBXFileReference; explicitFileType = wrapper.cfbundle; includeInIndex = 0; path = WordListTests.xctest; sourceTree = BUILT_PRODUCTS_DIR; };
		93C61DC41BB31E8E007DE7DF /* Info.plist */ = {isa = PBXFileReference; lastKnownFileType = text.plist.xml; path = Info.plist; sourceTree = "<group>"; };
		93C61DC51BB31E8E007DE7DF /* WordListTests.m */ = {isa = PBXFileReference; lastKnownFileType = sourcecode.c.objc; path = WordListTests.m; sourceTree = "<group>"; };
		93C61DD01BB31ED6007DE7DF /* WordList.xcdatamodel */ = {isa = PBXFileReference; lastKnownFileType = wrapper.xcdatamodel; path = WordList.xcdatamodel; sourceTree = "<group>"; };
		93C61DD21BB31EEF007DE7DF /* Persistence.h */ = {isa = PBXFileReference; fileEncoding = 4; lastKnownFileType = sourcecode.c.h; path = Persistence.h; sourceTree = "<group>"; };
		93C61DD31BB31EEF007DE7DF /* Persistence.m */ = {isa = PBXFileReference; fileEncoding = 4; lastKnownFileType = sourcecode.c.objc; path = Persistence.m; sourceTree = "<group>"; };
/* End PBXFileReference section */

/* Begin PBXFrameworksBuildPhase section */
		93C61DA31BB31E8E007DE7DF /* Frameworks */ = {
			isa = PBXFrameworksBuildPhase;
			buildActionMask = 2147483647;
			files = (
			);
			runOnlyForDeploymentPostprocessing = 0;
		};
		93C61DBC1BB31E8E007DE7DF /* Frameworks */ = {
			isa = PBXFrameworksBuildPhase;
			buildActionMask = 2147483647;
			files = (
			);
			runOnlyForDeploymentPostprocessing = 0;
		};
/* End PBXFrameworksBuildPhase section */

/* Begin PBXGroup section */
		93C61D9D1BB31E8E007DE7DF = {
			isa = PBXGroup;
			children = (
				93C61DA81BB31E8E007DE7DF /* WordList */,
				93C61DC21BB31E8E007DE7DF /* WordListTests */,
				93C61DA71BB31E8E007DE7DF /* Products */,
			);
			sourceTree = "<group>";
		};
		93C61DA71BB31E8E007DE7DF /* Products */ = {
			isa = PBXGroup;
			children = (
				93C61DA61BB31E8E007DE7DF /* WordList.app */,
				93C61DBF1BB31E8E007DE7DF /* WordListTests.xctest */,
			);
			name = Products;
			sourceTree = "<group>";
		};
		93C61DA81BB31E8E007DE7DF /* WordList */ = {
			isa = PBXGroup;
			children = (
				93C61DAD1BB31E8E007DE7DF /* AppDelegate.h */,
				93C61DAE1BB31E8E007DE7DF /* AppDelegate.m */,
				93C61DCF1BB31ED6007DE7DF /* WordList.xcdatamodeld */,
				93C61DB01BB31E8E007DE7DF /* ViewController.h */,
				93C61DB11BB31E8E007DE7DF /* ViewController.m */,
				93C61DB31BB31E8E007DE7DF /* Main.storyboard */,
				93C61DB61BB31E8E007DE7DF /* Images.xcassets */,
				93C61DB81BB31E8E007DE7DF /* LaunchScreen.xib */,
				93C61DA91BB31E8E007DE7DF /* Supporting Files */,
				93C61DD21BB31EEF007DE7DF /* Persistence.h */,
				93C61DD31BB31EEF007DE7DF /* Persistence.m */,
			);
			path = WordList;
			sourceTree = "<group>";
		};
		93C61DA91BB31E8E007DE7DF /* Supporting Files */ = {
			isa = PBXGroup;
			children = (
				93C61DAA1BB31E8E007DE7DF /* Info.plist */,
				93C61DAB1BB31E8E007DE7DF /* main.m */,
			);
			name = "Supporting Files";
			sourceTree = "<group>";
		};
		93C61DC21BB31E8E007DE7DF /* WordListTests */ = {
			isa = PBXGroup;
			children = (
				93C61DC51BB31E8E007DE7DF /* WordListTests.m */,
				93C61DC31BB31E8E007DE7DF /* Supporting Files */,
			);
			path = WordListTests;
			sourceTree = "<group>";
		};
		93C61DC31BB31E8E007DE7DF /* Supporting Files */ = {
			isa = PBXGroup;
			children = (
				93C61DC41BB31E8E007DE7DF /* Info.plist */,
			);
			name = "Supporting Files";
			sourceTree = "<group>";
		};
/* End PBXGroup section */

/* Begin PBXNativeTarget section */
		93C61DA51BB31E8E007DE7DF /* WordList */ = {
			isa = PBXNativeTarget;
			buildConfigurationList = 93C61DC91BB31E8E007DE7DF /* Build configuration list for PBXNativeTarget "WordList" */;
			buildPhases = (
				93C61DA21BB31E8E007DE7DF /* Sources */,
				93C61DA31BB31E8E007DE7DF /* Frameworks */,
				93C61DA41BB31E8E007DE7DF /* Resources */,
			);
			buildRules = (
			);
			dependencies = (
			);
			name = WordList;
			productName = WordList;
			productReference = 93C61DA61BB31E8E007DE7DF /* WordList.app */;
			productType = "com.apple.product-type.application";
		};
		93C61DBE1BB31E8E007DE7DF /* WordListTests */ = {
			isa = PBXNativeTarget;
			buildConfigurationList = 93C61DCC1BB31E8E007DE7DF /* Build configuration list for PBXNativeTarget "WordListTests" */;
			buildPhases = (
				93C61DBB1BB31E8E007DE7DF /* Sources */,
				93C61DBC1BB31E8E007DE7DF /* Frameworks */,
				93C61DBD1BB31E8E007DE7DF /* Resources */,
			);
			buildRules = (
			);
			dependencies = (
				93C61DC11BB31E8E007DE7DF /* PBXTargetDependency */,
			);
			name = WordListTests;
			productName = WordListTests;
			productReference = 93C61DBF1BB31E8E007DE7DF /* WordListTests.xctest */;
			productType = "com.apple.product-type.bundle.unit-test";
		};
/* End PBXNativeTarget section */

/* Begin PBXProject section */
		93C61D9E1BB31E8E007DE7DF /* Project object */ = {
			isa = PBXProject;
			attributes = {
				LastUpgradeCheck = 0640;
				ORGANIZATIONNAME = "Powers, Patrick";
				TargetAttributes = {
					93C61DA51BB31E8E007DE7DF = {
						CreatedOnToolsVersion = 6.4;
					};
					93C61DBE1BB31E8E007DE7DF = {
						CreatedOnToolsVersion = 6.4;
						TestTargetID = 93C61DA51BB31E8E007DE7DF;
					};
				};
			};
			buildConfigurationList = 93C61DA11BB31E8E007DE7DF /* Build configuration list for PBXProject "WordList" */;
			compatibilityVersion = "Xcode 3.2";
			developmentRegion = English;
			hasScannedForEncodings = 0;
			knownRegions = (
				en,
				Base,
			);
			mainGroup = 93C61D9D1BB31E8E007DE7DF;
			productRefGroup = 93C61DA71BB31E8E007DE7DF /* Products */;
			projectDirPath = "";
			projectRoot = "";
			targets = (
				93C61DA51BB31E8E007DE7DF /* WordList */,
				93C61DBE1BB31E8E007DE7DF /* WordListTests */,
			);
		};
/* End PBXProject section */

/* Begin PBXResourcesBuildPhase section */
		93C61DA41BB31E8E007DE7DF /* Resources */ = {
			isa = PBXResourcesBuildPhase;
			buildActionMask = 2147483647;
			files = (
				93C61DB51BB31E8E007DE7DF /* Main.storyboard in Resources */,
				93C61DBA1BB31E8E007DE7DF /* LaunchScreen.xib in Resources */,
				93C61DB71BB31E8E007DE7DF /* Images.xcassets in Resources */,
			);
			runOnlyForDeploymentPostprocessing = 0;
		};
		93C61DBD1BB31E8E007DE7DF /* Resources */ = {
			isa = PBXResourcesBuildPhase;
			buildActionMask = 2147483647;
			files = (
			);
			runOnlyForDeploymentPostprocessing = 0;
		};
/* End PBXResourcesBuildPhase section */

/* Begin PBXSourcesBuildPhase section */
		93C61DA21BB31E8E007DE7DF /* Sources */ = {
			isa = PBXSourcesBuildPhase;
			buildActionMask = 2147483647;
			files = (
				93C61DD41BB31EEF007DE7DF /* Persistence.m in Sources */,
				93C61DB21BB31E8E007DE7DF /* ViewController.m in Sources */,
				93C61DD11BB31ED6007DE7DF /* WordList.xcdatamodeld in Sources */,
				93C61DAF1BB31E8E007DE7DF /* AppDelegate.m in Sources */,
				93C61DAC1BB31E8E007DE7DF /* main.m in Sources */,
			);
			runOnlyForDeploymentPostprocessing = 0;
		};
		93C61DBB1BB31E8E007DE7DF /* Sources */ = {
			isa = PBXSourcesBuildPhase;
			buildActionMask = 2147483647;
			files = (
				93C61DC61BB31E8E007DE7DF /* WordListTests.m in Sources */,
			);
			runOnlyForDeploymentPostprocessing = 0;
		};
/* End PBXSourcesBuildPhase section */

/* Begin PBXTargetDependency section */
		93C61DC11BB31E8E007DE7DF /* PBXTargetDependency */ = {
			isa = PBXTargetDependency;
			target = 93C61DA51BB31E8E007DE7DF /* WordList */;
			targetProxy = 93C61DC01BB31E8E007DE7DF /* PBXContainerItemProxy */;
		};
/* End PBXTargetDependency section */

/* Begin PBXVariantGroup section */
		93C61DB31BB31E8E007DE7DF /* Main.storyboard */ = {
			isa = PBXVariantGroup;
			children = (
				93C61DB41BB31E8E007DE7DF /* Base */,
			);
			name = Main.storyboard;
			sourceTree = "<group>";
		};
		93C61DB81BB31E8E007DE7DF /* LaunchScreen.xib */ = {
			isa = PBXVariantGroup;
			children = (
				93C61DB91BB31E8E007DE7DF /* Base */,
			);
			name = LaunchScreen.xib;
			sourceTree = "<group>";
		};
/* End PBXVariantGroup section */

/* Begin XCBuildConfiguration section */
		93C61DC71BB31E8E007DE7DF /* Debug */ = {
			isa = XCBuildConfiguration;
			buildSettings = {
				ALWAYS_SEARCH_USER_PATHS = NO;
				CLANG_CXX_LANGUAGE_STANDARD = "gnu++0x";
				CLANG_CXX_LIBRARY = "libc++";
				CLANG_ENABLE_MODULES = YES;
				CLANG_ENABLE_OBJC_ARC = YES;
				CLANG_WARN_BOOL_CONVERSION = YES;
				CLANG_WARN_CONSTANT_CONVERSION = YES;
				CLANG_WARN_DIRECT_OBJC_ISA_USAGE = YES_ERROR;
				CLANG_WARN_EMPTY_BODY = YES;
				CLANG_WARN_ENUM_CONVERSION = YES;
				CLANG_WARN_INT_CONVERSION = YES;
				CLANG_WARN_OBJC_ROOT_CLASS = YES_ERROR;
				CLANG_WARN_UNREACHABLE_CODE = YES;
				CLANG_WARN__DUPLICATE_METHOD_MATCH = YES;
				"CODE_SIGN_IDENTITY[sdk=iphoneos*]" = "iPhone Developer";
				COPY_PHASE_STRIP = NO;
				DEBUG_INFORMATION_FORMAT = "dwarf-with-dsym";
				ENABLE_STRICT_OBJC_MSGSEND = YES;
				GCC_C_LANGUAGE_STANDARD = gnu99;
				GCC_DYNAMIC_NO_PIC = NO;
				GCC_NO_COMMON_BLOCKS = YES;
				GCC_OPTIMIZATION_LEVEL = 0;
				GCC_PREPROCESSOR_DEFINITIONS = (
					"DEBUG=1",
					"$(inherited)",
				);
				GCC_SYMBOLS_PRIVATE_EXTERN = NO;
				GCC_WARN_64_TO_32_BIT_CONVERSION = YES;
				GCC_WARN_ABOUT_RETURN_TYPE = YES_ERROR;
				GCC_WARN_UNDECLARED_SELECTOR = YES;
				GCC_WARN_UNINITIALIZED_AUTOS = YES_AGGRESSIVE;
				GCC_WARN_UNUSED_FUNCTION = YES;
				GCC_WARN_UNUSED_VARIABLE = YES;
				IPHONEOS_DEPLOYMENT_TARGET = 8.4;
				MTL_ENABLE_DEBUG_INFO = YES;
				ONLY_ACTIVE_ARCH = YES;
				SDKROOT = iphoneos;
			};
			name = Debug;
		};
		93C61DC81BB31E8E007DE7DF /* Release */ = {
			isa = XCBuildConfiguration;
			buildSettings = {
				ALWAYS_SEARCH_USER_PATHS = NO;
				CLANG_CXX_LANGUAGE_STANDARD = "gnu++0x";
				CLANG_CXX_LIBRARY = "libc++";
				CLANG_ENABLE_MODULES = YES;
				CLANG_ENABLE_OBJC_ARC = YES;
				CLANG_WARN_BOOL_CONVERSION = YES;
				CLANG_WARN_CONSTANT_CONVERSION = YES;
				CLANG_WARN_DIRECT_OBJC_ISA_USAGE = YES_ERROR;
				CLANG_WARN_EMPTY_BODY = YES;
				CLANG_WARN_ENUM_CONVERSION = YES;
				CLANG_WARN_INT_CONVERSION = YES;
				CLANG_WARN_OBJC_ROOT_CLASS = YES_ERROR;
				CLANG_WARN_UNREACHABLE_CODE = YES;
				CLANG_WARN__DUPLICATE_METHOD_MATCH = YES;
				"CODE_SIGN_IDENTITY[sdk=iphoneos*]" = "iPhone Developer";
				COPY_PHASE_STRIP = NO;
				DEBUG_INFORMATION_FORMAT = "dwarf-with-dsym";
				ENABLE_NS_ASSERTIONS = NO;
				ENABLE_STRICT_OBJC_MSGSEND = YES;
				GCC_C_LANGUAGE_STANDARD = gnu99;
				GCC_NO_COMMON_BLOCKS = YES;
				GCC_WARN_64_TO_32_BIT_CONVERSION = YES;
				GCC_WARN_ABOUT_RETURN_TYPE = YES_ERROR;
				GCC_WARN_UNDECLARED_SELECTOR = YES;
				GCC_WARN_UNINITIALIZED_AUTOS = YES_AGGRESSIVE;
				GCC_WARN_UNUSED_FUNCTION = YES;
				GCC_WARN_UNUSED_VARIABLE = YES;
				IPHONEOS_DEPLOYMENT_TARGET = 8.4;
				MTL_ENABLE_DEBUG_INFO = NO;
				SDKROOT = iphoneos;
				VALIDATE_PRODUCT = YES;
			};
			name = Release;
		};
		93C61DCA1BB31E8E007DE7DF /* Debug */ = {
			isa = XCBuildConfiguration;
			buildSettings = {
				ASSETCATALOG_COMPILER_APPICON_NAME = AppIcon;
				INFOPLIST_FILE = WordList/Info.plist;
				LD_RUNPATH_SEARCH_PATHS = "$(inherited) @executable_path/Frameworks";
				PRODUCT_NAME = "$(TARGET_NAME)";
			};
			name = Debug;
		};
		93C61DCB1BB31E8E007DE7DF /* Release */ = {
			isa = XCBuildConfiguration;
			buildSettings = {
				ASSETCATALOG_COMPILER_APPICON_NAME = AppIcon;
				INFOPLIST_FILE = WordList/Info.plist;
				LD_RUNPATH_SEARCH_PATHS = "$(inherited) @executable_path/Frameworks";
				PRODUCT_NAME = "$(TARGET_NAME)";
			};
			name = Release;
		};
		93C61DCD1BB31E8E007DE7DF /* Debug */ = {
			isa = XCBuildConfiguration;
			buildSettings = {
				BUNDLE_LOADER = "$(TEST_HOST)";
				FRAMEWORK_SEARCH_PATHS = (
					"$(SDKROOT)/Developer/Library/Frameworks",
					"$(inherited)",
				);
				GCC_PREPROCESSOR_DEFINITIONS = (
					"DEBUG=1",
					"$(inherited)",
				);
				INFOPLIST_FILE = WordListTests/Info.plist;
				LD_RUNPATH_SEARCH_PATHS = "$(inherited) @executable_path/Frameworks @loader_path/Frameworks";
				PRODUCT_NAME = "$(TARGET_NAME)";
				TEST_HOST = "$(BUILT_PRODUCTS_DIR)/WordList.app/WordList";
			};
			name = Debug;
		};
		93C61DCE1BB31E8E007DE7DF /* Release */ = {
			isa = XCBuildConfiguration;
			buildSettings = {
				BUNDLE_LOADER = "$(TEST_HOST)";
				FRAMEWORK_SEARCH_PATHS = (
					"$(SDKROOT)/Developer/Library/Frameworks",
					"$(inherited)",
				);
				INFOPLIST_FILE = WordListTests/Info.plist;
				LD_RUNPATH_SEARCH_PATHS = "$(inherited) @executable_path/Frameworks @loader_path/Frameworks";
				PRODUCT_NAME = "$(TARGET_NAME)";
				TEST_HOST = "$(BUILT_PRODUCTS_DIR)/WordList.app/WordList";
			};
			name = Release;
		};
/* End XCBuildConfiguration section */

/* Begin XCConfigurationList section */
		93C61DA11BB31E8E007DE7DF /* Build configuration list for PBXProject "WordList" */ = {
			isa = XCConfigurationList;
			buildConfigurations = (
				93C61DC71BB31E8E007DE7DF /* Debug */,
				93C61DC81BB31E8E007DE7DF /* Release */,
			);
			defaultConfigurationIsVisible = 0;
			defaultConfigurationName = Release;
		};
		93C61DC91BB31E8E007DE7DF /* Build configuration list for PBXNativeTarget "WordList" */ = {
			isa = XCConfigurationList;
			buildConfigurations = (
				93C61DCA1BB31E8E007DE7DF /* Debug */,
				93C61DCB1BB31E8E007DE7DF /* Release */,
			);
			defaultConfigurationIsVisible = 0;
		};
		93C61DCC1BB31E8E007DE7DF /* Build configuration list for PBXNativeTarget "WordListTests" */ = {
			isa = XCConfigurationList;
			buildConfigurations = (
				93C61DCD1BB31E8E007DE7DF /* Debug */,
				93C61DCE1BB31E8E007DE7DF /* Release */,
			);
			defaultConfigurationIsVisible = 0;
		};
/* End XCConfigurationList section */

/* Begin XCVersionGroup section */
		93C61DCF1BB31ED6007DE7DF /* WordList.xcdatamodeld */ = {
			isa = XCVersionGroup;
			children = (
				93C61DD01BB31ED6007DE7DF /* WordList.xcdatamodel */,
			);
			currentVersion = 93C61DD01BB31ED6007DE7DF /* WordList.xcdatamodel */;
			path = WordList.xcdatamodeld;
			sourceTree = "<group>";
			versionGroupType = wrapper.xcdatamodel;
		};
/* End XCVersionGroup section */
	};
	rootObject = 93C61D9E1BB31E8E007DE7DF /* Project object */;
}
